
Microsoft Visual Studio Solution File, Format Version 12.00
# Visual Studio Version 16
VisualStudioVersion = 16.0.28809.33
MinimumVisualStudioVersion = 10.0.40219.1
Project("{151D2E53-A2C4-4D7D-83FE-D05416EBD58E}") = "LogicApps", "LogicApps\LogicApps.deployproj", "{8D6163DA-BB0A-41D1-BD3F-6456D2E108AC}"
EndProject
Global
	GlobalSection(SolutionConfigurationPlatforms) = preSolution
		Debug|Any CPU = Debug|Any CPU
		Release|Any CPU = Release|Any CPU
	EndGlobalSection
	GlobalSection(ProjectConfigurationPlatforms) = postSolution
		{8D6163DA-BB0A-41D1-BD3F-6456D2E108AC}.Debug|Any CPU.ActiveCfg = Debug|Any CPU
		{8D6163DA-BB0A-41D1-BD3F-6456D2E108AC}.Debug|Any CPU.Build.0 = Debug|Any CPU
		{8D6163DA-BB0A-41D1-BD3F-6456D2E108AC}.Release|Any CPU.ActiveCfg = Release|Any CPU
		{8D6163DA-BB0A-41D1-BD3F-6456D2E108AC}.Release|Any CPU.Build.0 = Release|Any CPU
	EndGlobalSection
	GlobalSection(SolutionProperties) = preSolution
		HideSolutionNode = FALSE
	EndGlobalSection
	GlobalSection(ExtensibilityGlobals) = postSolution
		SolutionGuid = {77C62C31-C91C-46A6-8A62-963EE0765C66}
	EndGlobalSection
EndGlobal
